{
  "name": "@chakray/hero",
  "version": "0.0.1",
  "lockfileVersion": 1,
  "requires": true,
  "dependencies": {
    "@chakray/marked": {
      "version": "0.0.5",
      "resolved": "https://registry.npmjs.org/@chakray/marked/-/marked-0.0.5.tgz",
      "integrity": "sha512-CnYotq33lYVf1krjh6FFVb9NCjm/Yew71rMNQX+AZzXLqA57JwpDco86EvN9q+nn+84GeUjjIUkSExMx64qTZg==",
      "dev": true,
      "requires": {
        "tslib": "^1.9.0"
      }
    },
    "marked": {
      "version": "0.6.2",
      "resolved": "https://registry.npmjs.org/marked/-/marked-0.6.2.tgz",
      "integrity": "sha512-LqxwVH3P/rqKX4EKGz7+c2G9r98WeM/SW34ybhgNGhUQNKtf1GmmSkJ6cDGJ/t6tiyae49qRkpyTw2B9HOrgUA==",
      "dev": true
    },
    "tslib": {
      "version": "1.9.3",
      "resolved": "https://registry.npmjs.org/tslib/-/tslib-1.9.3.tgz",
      "integrity": "sha512-4krF8scpejhaOgqzBEcGM7yDIEfi0/8+8zDRZhNZZ2kjmHJ4hv3zCbQWxoJGz1iw5U0Jl0nma13xzHXcncMavQ==",
      "dev": true
    }
  }
}
