{
  "name": "@chakray/hero",
  "version": "0.0.5",
  "lockfileVersion": 1,
  "requires": true,
  "dependencies": {
    "@chakray/marked": {
      "version": "0.0.5",
      "resolved": "https://registry.npmjs.org/@chakray/marked/-/marked-0.0.5.tgz",
      "integrity": "sha512-CnYotq33lYVf1krjh6FFVb9NCjm/Yew71rMNQX+AZzXLqA57JwpDco86EvN9q+nn+84GeUjjIUkSExMx64qTZg==",
      "requires": {
        "tslib": "^1.9.0"
      }
    },
    "github-markdown-css": {
      "version": "3.0.1",
      "resolved": "https://registry.npmjs.org/github-markdown-css/-/github-markdown-css-3.0.1.tgz",
      "integrity": "sha512-9G5CIPsHoyk5ObDsb/H4KTi23J8KE1oDd4KYU51qwqeM+lKWAiO7abpSgCkyWswgmSKBiuE7/4f8xUz7f2qAiQ=="
    },
    "marked": {
      "version": "0.6.2",
      "resolved": "https://registry.npmjs.org/marked/-/marked-0.6.2.tgz",
      "integrity": "sha512-LqxwVH3P/rqKX4EKGz7+c2G9r98WeM/SW34ybhgNGhUQNKtf1GmmSkJ6cDGJ/t6tiyae49qRkpyTw2B9HOrgUA=="
    },
    "normalize.css": {
      "version": "8.0.1",
      "resolved": "https://registry.npmjs.org/normalize.css/-/normalize.css-8.0.1.tgz",
      "integrity": "sha512-qizSNPO93t1YUuUhP22btGOo3chcvDFqFaj2TRybP0DMxkHOCTYwp3n34fel4a31ORXy4m1Xq0Gyqpb5m33qIg=="
    },
    "tslib": {
      "version": "1.9.3",
      "resolved": "https://registry.npmjs.org/tslib/-/tslib-1.9.3.tgz",
      "integrity": "sha512-4krF8scpejhaOgqzBEcGM7yDIEfi0/8+8zDRZhNZZ2kjmHJ4hv3zCbQWxoJGz1iw5U0Jl0nma13xzHXcncMavQ=="
    }
  }
}
